
Microsoft Visual Studio Solution File, Format Version 12.00
# Visual Studio 14
VisualStudioVersion = 14.0.24720.0
MinimumVisualStudioVersion = 10.0.40219.1
Project("{2150E333-8FDC-42A3-9474-1A3956D46DE8}") = "Tools", "Tools", "{E4C0E058-3363-4783-9AA3-7A1FAF9B7F29}"
EndProject
Project("{FAE04EC0-301F-11D3-BF4B-00C04F79EFBC}") = "BuildTool", "Tools\BuildTool\BuildTool.csproj", "{65336FB2-13E2-48DF-88F1-51C3377D1E61}"
EndProject
Project("{8BC9CEB8-8B4A-11D0-8D11-00A0C91BC942}") = "Engine", "Runtime\Engine\Engine.vcxproj", "{D9454A0C-315A-4E8B-A261-E3BF025E4E4D}"
EndProject
Project("{2150E333-8FDC-42A3-9474-1A3956D46DE8}") = "Runtime", "Runtime", "{ECB9CCB9-D447-476A-AF9B-659CD6127046}"
EndProject
Project("{2150E333-8FDC-42A3-9474-1A3956D46DE8}") = "Experiments", "Experiments", "{6CF210E3-EE3D-4231-BCEB-FDF85BADD38E}"
EndProject
Project("{8BC9CEB8-8B4A-11D0-8D11-00A0C91BC942}") = "EventStream", "Experiments\EventStream\EventStream.vcxproj", "{BA0324E9-EE71-4ED2-BD90-74BC30BABB8A}"
EndProject
Global
	GlobalSection(SolutionConfigurationPlatforms) = preSolution
		Debug|Any CPU = Debug|Any CPU
		Debug|x64 = Debug|x64
		Debug|x86 = Debug|x86
		DebugLibrary|Any CPU = DebugLibrary|Any CPU
		DebugLibrary|x64 = DebugLibrary|x64
		DebugLibrary|x86 = DebugLibrary|x86
		Release|Any CPU = Release|Any CPU
		Release|x64 = Release|x64
		Release|x86 = Release|x86
	EndGlobalSection
	GlobalSection(ProjectConfigurationPlatforms) = postSolution
		{65336FB2-13E2-48DF-88F1-51C3377D1E61}.Debug|Any CPU.ActiveCfg = Debug|Any CPU
		{65336FB2-13E2-48DF-88F1-51C3377D1E61}.Debug|Any CPU.Build.0 = Debug|Any CPU
		{65336FB2-13E2-48DF-88F1-51C3377D1E61}.Debug|x64.ActiveCfg = Debug|Any CPU
		{65336FB2-13E2-48DF-88F1-51C3377D1E61}.Debug|x64.Build.0 = Debug|Any CPU
		{65336FB2-13E2-48DF-88F1-51C3377D1E61}.Debug|x86.ActiveCfg = Debug|Any CPU
		{65336FB2-13E2-48DF-88F1-51C3377D1E61}.Debug|x86.Build.0 = Debug|Any CPU
		{65336FB2-13E2-48DF-88F1-51C3377D1E61}.DebugLibrary|Any CPU.ActiveCfg = DebugLibrary|Any CPU
		{65336FB2-13E2-48DF-88F1-51C3377D1E61}.DebugLibrary|Any CPU.Build.0 = DebugLibrary|Any CPU
		{65336FB2-13E2-48DF-88F1-51C3377D1E61}.DebugLibrary|x64.ActiveCfg = DebugLibrary|Any CPU
		{65336FB2-13E2-48DF-88F1-51C3377D1E61}.DebugLibrary|x64.Build.0 = DebugLibrary|Any CPU
		{65336FB2-13E2-48DF-88F1-51C3377D1E61}.DebugLibrary|x86.ActiveCfg = DebugLibrary|Any CPU
		{65336FB2-13E2-48DF-88F1-51C3377D1E61}.DebugLibrary|x86.Build.0 = DebugLibrary|Any CPU
		{65336FB2-13E2-48DF-88F1-51C3377D1E61}.Release|Any CPU.ActiveCfg = Release|Any CPU
		{65336FB2-13E2-48DF-88F1-51C3377D1E61}.Release|Any CPU.Build.0 = Release|Any CPU
		{65336FB2-13E2-48DF-88F1-51C3377D1E61}.Release|x64.ActiveCfg = Release|Any CPU
		{65336FB2-13E2-48DF-88F1-51C3377D1E61}.Release|x64.Build.0 = Release|Any CPU
		{65336FB2-13E2-48DF-88F1-51C3377D1E61}.Release|x86.ActiveCfg = Release|Any CPU
		{65336FB2-13E2-48DF-88F1-51C3377D1E61}.Release|x86.Build.0 = Release|Any CPU
		{D9454A0C-315A-4E8B-A261-E3BF025E4E4D}.Debug|Any CPU.ActiveCfg = Debug|Win32
		{D9454A0C-315A-4E8B-A261-E3BF025E4E4D}.Debug|x64.ActiveCfg = Debug|x64
		{D9454A0C-315A-4E8B-A261-E3BF025E4E4D}.Debug|x64.Build.0 = Debug|x64
		{D9454A0C-315A-4E8B-A261-E3BF025E4E4D}.Debug|x86.ActiveCfg = Debug|Win32
		{D9454A0C-315A-4E8B-A261-E3BF025E4E4D}.Debug|x86.Build.0 = Debug|Win32
		{D9454A0C-315A-4E8B-A261-E3BF025E4E4D}.DebugLibrary|Any CPU.ActiveCfg = DebugLibrary|Win32
		{D9454A0C-315A-4E8B-A261-E3BF025E4E4D}.DebugLibrary|x64.ActiveCfg = DebugLibrary|x64
		{D9454A0C-315A-4E8B-A261-E3BF025E4E4D}.DebugLibrary|x64.Build.0 = DebugLibrary|x64
		{D9454A0C-315A-4E8B-A261-E3BF025E4E4D}.DebugLibrary|x86.ActiveCfg = DebugLibrary|Win32
		{D9454A0C-315A-4E8B-A261-E3BF025E4E4D}.DebugLibrary|x86.Build.0 = DebugLibrary|Win32
		{D9454A0C-315A-4E8B-A261-E3BF025E4E4D}.Release|Any CPU.ActiveCfg = Release|Win32
		{D9454A0C-315A-4E8B-A261-E3BF025E4E4D}.Release|x64.ActiveCfg = Release|x64
		{D9454A0C-315A-4E8B-A261-E3BF025E4E4D}.Release|x64.Build.0 = Release|x64
		{D9454A0C-315A-4E8B-A261-E3BF025E4E4D}.Release|x86.ActiveCfg = Release|Win32
		{D9454A0C-315A-4E8B-A261-E3BF025E4E4D}.Release|x86.Build.0 = Release|Win32
		{BA0324E9-EE71-4ED2-BD90-74BC30BABB8A}.Debug|Any CPU.ActiveCfg = Debug|Win32
		{BA0324E9-EE71-4ED2-BD90-74BC30BABB8A}.Debug|x64.ActiveCfg = Debug|x64
		{BA0324E9-EE71-4ED2-BD90-74BC30BABB8A}.Debug|x64.Build.0 = Debug|x64
		{BA0324E9-EE71-4ED2-BD90-74BC30BABB8A}.Debug|x86.ActiveCfg = Debug|Win32
		{BA0324E9-EE71-4ED2-BD90-74BC30BABB8A}.Debug|x86.Build.0 = Debug|Win32
		{BA0324E9-EE71-4ED2-BD90-74BC30BABB8A}.DebugLibrary|Any CPU.ActiveCfg = Release|x64
		{BA0324E9-EE71-4ED2-BD90-74BC30BABB8A}.DebugLibrary|Any CPU.Build.0 = Release|x64
		{BA0324E9-EE71-4ED2-BD90-74BC30BABB8A}.DebugLibrary|x64.ActiveCfg = Debug|x64
		{BA0324E9-EE71-4ED2-BD90-74BC30BABB8A}.DebugLibrary|x64.Build.0 = Debug|x64
		{BA0324E9-EE71-4ED2-BD90-74BC30BABB8A}.DebugLibrary|x86.ActiveCfg = Debug|Win32
		{BA0324E9-EE71-4ED2-BD90-74BC30BABB8A}.DebugLibrary|x86.Build.0 = Debug|Win32
		{BA0324E9-EE71-4ED2-BD90-74BC30BABB8A}.Release|Any CPU.ActiveCfg = Release|Win32
		{BA0324E9-EE71-4ED2-BD90-74BC30BABB8A}.Release|x64.ActiveCfg = Release|x64
		{BA0324E9-EE71-4ED2-BD90-74BC30BABB8A}.Release|x64.Build.0 = Release|x64
		{BA0324E9-EE71-4ED2-BD90-74BC30BABB8A}.Release|x86.ActiveCfg = Release|Win32
		{BA0324E9-EE71-4ED2-BD90-74BC30BABB8A}.Release|x86.Build.0 = Release|Win32
	EndGlobalSection
	GlobalSection(SolutionProperties) = preSolution
		HideSolutionNode = FALSE
	EndGlobalSection
	GlobalSection(NestedProjects) = preSolution
		{65336FB2-13E2-48DF-88F1-51C3377D1E61} = {E4C0E058-3363-4783-9AA3-7A1FAF9B7F29}
		{D9454A0C-315A-4E8B-A261-E3BF025E4E4D} = {ECB9CCB9-D447-476A-AF9B-659CD6127046}
		{BA0324E9-EE71-4ED2-BD90-74BC30BABB8A} = {6CF210E3-EE3D-4231-BCEB-FDF85BADD38E}
	EndGlobalSection
EndGlobal
