
Microsoft Visual Studio Solution File, Format Version 12.00
# Visual Studio 14
VisualStudioVersion = 14.0.23107.0
MinimumVisualStudioVersion = 10.0.40219.1
Project("{2150E333-8FDC-42A3-9474-1A3956D46DE8}") = "Tools", "Tools", "{E4C0E058-3363-4783-9AA3-7A1FAF9B7F29}"
EndProject
Project("{FAE04EC0-301F-11D3-BF4B-00C04F79EFBC}") = "BuildTool", "Tools\BuildTool\BuildTool.csproj", "{65336FB2-13E2-48DF-88F1-51C3377D1E61}"
EndProject
Project("{2150E333-8FDC-42A3-9474-1A3956D46DE8}") = "Runtime", "Runtime", "{431D0032-C630-476D-A577-6F4293611207}"
EndProject
Project("{8BC9CEB8-8B4A-11D0-8D11-00A0C91BC942}") = "Engine", "Runtime\Engine\Engine.vcxproj", "{D9454A0C-315A-4E8B-A261-E3BF025E4E4D}"
EndProject
Project("{8BC9CEB8-8B4A-11D0-8D11-00A0C91BC942}") = "Testing", "Testing\Testing.vcxproj", "{B24366D3-7AAD-4025-BAD6-3180432232CA}"
EndProject
Global
	GlobalSection(SolutionConfigurationPlatforms) = preSolution
		Debug|Any CPU = Debug|Any CPU
		Debug|x64 = Debug|x64
		Debug|x86 = Debug|x86
		Release|Any CPU = Release|Any CPU
		Release|x64 = Release|x64
		Release|x86 = Release|x86
	EndGlobalSection
	GlobalSection(ProjectConfigurationPlatforms) = postSolution
		{65336FB2-13E2-48DF-88F1-51C3377D1E61}.Debug|Any CPU.ActiveCfg = Debug|Any CPU
		{65336FB2-13E2-48DF-88F1-51C3377D1E61}.Debug|Any CPU.Build.0 = Debug|Any CPU
		{65336FB2-13E2-48DF-88F1-51C3377D1E61}.Debug|x64.ActiveCfg = Debug|Any CPU
		{65336FB2-13E2-48DF-88F1-51C3377D1E61}.Debug|x64.Build.0 = Debug|Any CPU
		{65336FB2-13E2-48DF-88F1-51C3377D1E61}.Debug|x86.ActiveCfg = Debug|Any CPU
		{65336FB2-13E2-48DF-88F1-51C3377D1E61}.Debug|x86.Build.0 = Debug|Any CPU
		{65336FB2-13E2-48DF-88F1-51C3377D1E61}.Release|Any CPU.ActiveCfg = Release|Any CPU
		{65336FB2-13E2-48DF-88F1-51C3377D1E61}.Release|Any CPU.Build.0 = Release|Any CPU
		{65336FB2-13E2-48DF-88F1-51C3377D1E61}.Release|x64.ActiveCfg = Release|Any CPU
		{65336FB2-13E2-48DF-88F1-51C3377D1E61}.Release|x64.Build.0 = Release|Any CPU
		{65336FB2-13E2-48DF-88F1-51C3377D1E61}.Release|x86.ActiveCfg = Release|Any CPU
		{65336FB2-13E2-48DF-88F1-51C3377D1E61}.Release|x86.Build.0 = Release|Any CPU
		{D9454A0C-315A-4E8B-A261-E3BF025E4E4D}.Debug|Any CPU.ActiveCfg = Debug|Win32
		{D9454A0C-315A-4E8B-A261-E3BF025E4E4D}.Debug|x64.ActiveCfg = Debug|x64
		{D9454A0C-315A-4E8B-A261-E3BF025E4E4D}.Debug|x64.Build.0 = Debug|x64
		{D9454A0C-315A-4E8B-A261-E3BF025E4E4D}.Debug|x86.ActiveCfg = Debug|Win32
		{D9454A0C-315A-4E8B-A261-E3BF025E4E4D}.Debug|x86.Build.0 = Debug|Win32
		{D9454A0C-315A-4E8B-A261-E3BF025E4E4D}.Release|Any CPU.ActiveCfg = Release|Win32
		{D9454A0C-315A-4E8B-A261-E3BF025E4E4D}.Release|x64.ActiveCfg = Release|x64
		{D9454A0C-315A-4E8B-A261-E3BF025E4E4D}.Release|x64.Build.0 = Release|x64
		{D9454A0C-315A-4E8B-A261-E3BF025E4E4D}.Release|x86.ActiveCfg = Release|Win32
		{D9454A0C-315A-4E8B-A261-E3BF025E4E4D}.Release|x86.Build.0 = Release|Win32
		{B24366D3-7AAD-4025-BAD6-3180432232CA}.Debug|Any CPU.ActiveCfg = Debug|Win32
		{B24366D3-7AAD-4025-BAD6-3180432232CA}.Debug|x64.ActiveCfg = Debug|x64
		{B24366D3-7AAD-4025-BAD6-3180432232CA}.Debug|x64.Build.0 = Debug|x64
		{B24366D3-7AAD-4025-BAD6-3180432232CA}.Debug|x86.ActiveCfg = Debug|Win32
		{B24366D3-7AAD-4025-BAD6-3180432232CA}.Debug|x86.Build.0 = Debug|Win32
		{B24366D3-7AAD-4025-BAD6-3180432232CA}.Release|Any CPU.ActiveCfg = Release|Win32
		{B24366D3-7AAD-4025-BAD6-3180432232CA}.Release|x64.ActiveCfg = Release|x64
		{B24366D3-7AAD-4025-BAD6-3180432232CA}.Release|x64.Build.0 = Release|x64
		{B24366D3-7AAD-4025-BAD6-3180432232CA}.Release|x86.ActiveCfg = Release|Win32
		{B24366D3-7AAD-4025-BAD6-3180432232CA}.Release|x86.Build.0 = Release|Win32
	EndGlobalSection
	GlobalSection(SolutionProperties) = preSolution
		HideSolutionNode = FALSE
	EndGlobalSection
	GlobalSection(NestedProjects) = preSolution
		{65336FB2-13E2-48DF-88F1-51C3377D1E61} = {E4C0E058-3363-4783-9AA3-7A1FAF9B7F29}
		{D9454A0C-315A-4E8B-A261-E3BF025E4E4D} = {431D0032-C630-476D-A577-6F4293611207}
	EndGlobalSection
EndGlobal
